Microsoft Visual Studio Solution File, Format Version 11.00
# Visual Studio 2010
Project("{F184B08F-C81C-45F6-A57F-5ABD9991F28F}") = "RadarAreaSeries", "RadarAreaSeries\RadarAreaSeries.vbproj", "{FB790FC7-28CA-4BF4-9C63-B54836D16656}"
EndProject
Project("{F184B08F-C81C-45F6-A57F-5ABD9991F28F}") = "RadarAreaSeries.Web", "RadarAreaSeries.Web\RadarAreaSeries.Web.vbproj", "{EF978D19-7E7D-41A2-8647-DE369433901A}"
EndProject
Global
	GlobalSection(SolutionConfigurationPlatforms) = preSolution
		Debug|Any CPU = Debug|Any CPU
		Release|Any CPU = Release|Any CPU
	EndGlobalSection
	GlobalSection(ProjectConfigurationPlatforms) = postSolution
		{FB790FC7-28CA-4BF4-9C63-B54836D16656}.Debug|Any CPU.ActiveCfg = Debug|Any CPU
		{FB790FC7-28CA-4BF4-9C63-B54836D16656}.Debug|Any CPU.Build.0 = Debug|Any CPU
		{FB790FC7-28CA-4BF4-9C63-B54836D16656}.Release|Any CPU.ActiveCfg = Release|Any CPU
		{FB790FC7-28CA-4BF4-9C63-B54836D16656}.Release|Any CPU.Build.0 = Release|Any CPU
		{EF978D19-7E7D-41A2-8647-DE369433901A}.Debug|Any CPU.ActiveCfg = Debug|Any CPU
		{EF978D19-7E7D-41A2-8647-DE369433901A}.Debug|Any CPU.Build.0 = Debug|Any CPU
		{EF978D19-7E7D-41A2-8647-DE369433901A}.Release|Any CPU.ActiveCfg = Release|Any CPU
		{EF978D19-7E7D-41A2-8647-DE369433901A}.Release|Any CPU.Build.0 = Release|Any CPU
	EndGlobalSection
	GlobalSection(SolutionProperties) = preSolution
		HideSolutionNode = FALSE
	EndGlobalSection
EndGlobal
